// !$*UTF8*$!
{
	archiveVersion = 1;
	classes = {
	};
	objectVersion = 55;
	objects = {

/* Begin PBXBuildFile section */
		C2B0CB5C2EEE816900B935DC /* MeetAndGreetApp.swift in Sources */ = {isa = PBXBuildFile; fileRef = C2B0CB5B2EEE816900B935DC /* MeetAndGreetApp.swift */; };
		C2B0CB5E2EEE816900B935DC /* ContentView.swift in Sources */ = {isa = PBXBuildFile; fileRef = C2B0CB5D2EEE816900B935DC /* ContentView.swift */; };
		C2B0CB602EEE817000B935DC /* Assets.xcassets in Resources */ = {isa = PBXBuildFile; fileRef = C2B0CB5F2EEE817000B935DC /* Assets.xcassets */; };
		C2B0CB632EEE817000B935DC /* Preview Assets.xcassets in Resources */ = {isa = PBXBuildFile; fileRef = C2B0CB622EEE817000B935DC /* Preview Assets.xcassets */; };
		C2B0CB6D2EEE817100B935DC /* MeetAndGreetTests.swift in Sources */ = {isa = PBXBuildFile; fileRef = C2B0CB6C2EEE817100B935DC /* MeetAndGreetTests.swift */; };
		C2B0CB772EEE817100B935DC /* MeetAndGreetUITests.swift in Sources */ = {isa = PBXBuildFile; fileRef = C2B0CB762EEE817100B935DC /* MeetAndGreetUITests.swift */; };
		C2B0CB792EEE817100B935DC /* MeetAndGreetUITestsLaunchTests.swift in Sources */ = {isa = PBXBuildFile; fileRef = C2B0CB782EEE817100B935DC /* MeetAndGreetUITestsLaunchTests.swift */; };
		C2B0CB8E2EEE993800B935DC /* ScheduleListView.swift in Sources */ = {isa = PBXBuildFile; fileRef = C2B0CB872EEE993800B935DC /* ScheduleListView.swift */; };
		C2B0CB8F2EEE993800B935DC /* ReportListView.swift in Sources */ = {isa = PBXBuildFile; fileRef = C2B0CB892EEE993800B935DC /* ReportListView.swift */; };
		C2B0CB902EEE993800B935DC /* PracticeListView.swift in Sources */ = {isa = PBXBuildFile; fileRef = C2B0CB8B2EEE993800B935DC /* PracticeListView.swift */; };
		C2B0CB912EEE993800B935DC /* BudgetView.swift in Sources */ = {isa = PBXBuildFile; fileRef = C2B0CB8D2EEE993800B935DC /* BudgetView.swift */; };
		C2B0CB962EEE994800B935DC /* ImageStorageService.swift in Sources */ = {isa = PBXBuildFile; fileRef = C2B0CB932EEE994800B935DC /* ImageStorageService.swift */; };
		C2B0CB972EEE994800B935DC /* SttService.swift in Sources */ = {isa = PBXBuildFile; fileRef = C2B0CB942EEE994800B935DC /* SttService.swift */; };
		C2B0CB982EEE994800B935DC /* TtsService.swift in Sources */ = {isa = PBXBuildFile; fileRef = C2B0CB952EEE994800B935DC /* TtsService.swift */; };
		C2B0CBA32EEE996600B935DC /* Entities.swift in Sources */ = {isa = PBXBuildFile; fileRef = C2B0CB9A2EEE996600B935DC /* Entities.swift */; };
		C2B0CBA42EEE996600B935DC /* CoreDataStack.swift in Sources */ = {isa = PBXBuildFile; fileRef = C2B0CB9B2EEE996600B935DC /* CoreDataStack.swift */; };
		C2B0CBA52EEE996600B935DC /* Assets.xcassets in Resources */ = {isa = PBXBuildFile; fileRef = C2B0CB9D2EEE996600B935DC /* Assets.xcassets */; };
		C2B0CBA62EEE996600B935DC /* Preview Assets.xcassets in Resources */ = {isa = PBXBuildFile; fileRef = C2B0CBA02EEE996600B935DC /* Preview Assets.xcassets */; };
		C2B0CBA72EEE996600B935DC /* AppTheme.swift in Sources */ = {isa = PBXBuildFile; fileRef = C2B0CBA22EEE996600B935DC /* AppTheme.swift */; };
/* End PBXBuildFile section */

/* Begin PBXContainerItemProxy section */
		C2B0CB692EEE817100B935DC /* PBXContainerItemProxy */ = {
			isa = PBXContainerItemProxy;
			containerPortal = C2B0CB502EEE816900B935DC /* Project object */;
			proxyType = 1;
			remoteGlobalIDString = C2B0CB572EEE816900B935DC;
			remoteInfo = MeetAndGreet;
		};
		C2B0CB732EEE817100B935DC /* PBXContainerItemProxy */ = {
			isa = PBXContainerItemProxy;
			containerPortal = C2B0CB502EEE816900B935DC /* Project object */;
			proxyType = 1;
			remoteGlobalIDString = C2B0CB572EEE816900B935DC;
			remoteInfo = MeetAndGreet;
		};
/* End PBXContainerItemProxy section */

/* Begin PBXFileReference section */
		C2B0CB582EEE816900B935DC /* MeetAndGreet.app */ = {isa = PBXFileReference; explicitFileType = wrapper.application; includeInIndex = 0; path = MeetAndGreet.app; sourceTree = BUILT_PRODUCTS_DIR; };
		C2B0CB5B2EEE816900B935DC /* MeetAndGreetApp.swift */ = {isa = PBXFileReference; lastKnownFileType = sourcecode.swift; path = MeetAndGreetApp.swift; sourceTree = "<group>"; };
		C2B0CB5D2EEE816900B935DC /* ContentView.swift */ = {isa = PBXFileReference; lastKnownFileType = sourcecode.swift; path = ContentView.swift; sourceTree = "<group>"; };
		C2B0CB5F2EEE817000B935DC /* Assets.xcassets */ = {isa = PBXFileReference; lastKnownFileType = folder.assetcatalog; path = Assets.xcassets; sourceTree = "<group>"; };
		C2B0CB622EEE817000B935DC /* Preview Assets.xcassets */ = {isa = PBXFileReference; lastKnownFileType = folder.assetcatalog; path = "Preview Assets.xcassets"; sourceTree = "<group>"; };
		C2B0CB682EEE817100B935DC /* MeetAndGreetTests.xctest */ = {isa = PBXFileReference; explicitFileType = wrapper.cfbundle; includeInIndex = 0; path = MeetAndGreetTests.xctest; sourceTree = BUILT_PRODUCTS_DIR; };
		C2B0CB6C2EEE817100B935DC /* MeetAndGreetTests.swift */ = {isa = PBXFileReference; lastKnownFileType = sourcecode.swift; path = MeetAndGreetTests.swift; sourceTree = "<group>"; };
		C2B0CB722EEE817100B935DC /* MeetAndGreetUITests.xctest */ = {isa = PBXFileReference; explicitFileType = wrapper.cfbundle; includeInIndex = 0; path = MeetAndGreetUITests.xctest; sourceTree = BUILT_PRODUCTS_DIR; };
		C2B0CB762EEE817100B935DC /* MeetAndGreetUITests.swift */ = {isa = PBXFileReference; lastKnownFileType = sourcecode.swift; path = MeetAndGreetUITests.swift; sourceTree = "<group>"; };
		C2B0CB782EEE817100B935DC /* MeetAndGreetUITestsLaunchTests.swift */ = {isa = PBXFileReference; lastKnownFileType = sourcecode.swift; path = MeetAndGreetUITestsLaunchTests.swift; sourceTree = "<group>"; };
		C2B0CB872EEE993800B935DC /* ScheduleListView.swift */ = {isa = PBXFileReference; fileEncoding = 4; lastKnownFileType = sourcecode.swift; path = ScheduleListView.swift; sourceTree = "<group>"; };
		C2B0CB892EEE993800B935DC /* ReportListView.swift */ = {isa = PBXFileReference; fileEncoding = 4; lastKnownFileType = sourcecode.swift; path = ReportListView.swift; sourceTree = "<group>"; };
		C2B0CB8B2EEE993800B935DC /* PracticeListView.swift */ = {isa = PBXFileReference; fileEncoding = 4; lastKnownFileType = sourcecode.swift; path = PracticeListView.swift; sourceTree = "<group>"; };
		C2B0CB8D2EEE993800B935DC /* BudgetView.swift */ = {isa = PBXFileReference; fileEncoding = 4; lastKnownFileType = sourcecode.swift; path = BudgetView.swift; sourceTree = "<group>"; };
		C2B0CB932EEE994800B935DC /* ImageStorageService.swift */ = {isa = PBXFileReference; fileEncoding = 4; lastKnownFileType = sourcecode.swift; path = ImageStorageService.swift; sourceTree = "<group>"; };
		C2B0CB942EEE994800B935DC /* SttService.swift */ = {isa = PBXFileReference; fileEncoding = 4; lastKnownFileType = sourcecode.swift; path = SttService.swift; sourceTree = "<group>"; };
		C2B0CB952EEE994800B935DC /* TtsService.swift */ = {isa = PBXFileReference; fileEncoding = 4; lastKnownFileType = sourcecode.swift; path = TtsService.swift; sourceTree = "<group>"; };
		C2B0CB9A2EEE996600B935DC /* Entities.swift */ = {isa = PBXFileReference; fileEncoding = 4; lastKnownFileType = sourcecode.swift; path = Entities.swift; sourceTree = "<group>"; };
		C2B0CB9B2EEE996600B935DC /* CoreDataStack.swift */ = {isa = PBXFileReference; fileEncoding = 4; lastKnownFileType = sourcecode.swift; path = CoreDataStack.swift; sourceTree = "<group>"; };
		C2B0CB9D2EEE996600B935DC /* Assets.xcassets */ = {isa = PBXFileReference; lastKnownFileType = folder.assetcatalog; path = Assets.xcassets; sourceTree = "<group>"; };
		C2B0CBA02EEE996600B935DC /* Preview Assets.xcassets */ = {isa = PBXFileReference; lastKnownFileType = folder.assetcatalog; path = "Preview Assets.xcassets"; sourceTree = "<group>"; };
		C2B0CBA22EEE996600B935DC /* AppTheme.swift */ = {isa = PBXFileReference; fileEncoding = 4; lastKnownFileType = sourcecode.swift; path = AppTheme.swift; sourceTree = "<group>"; };
/* End PBXFileReference section */

/* Begin PBXFrameworksBuildPhase section */
		C2B0CB552EEE816900B935DC /* Frameworks */ = {
			isa = PBXFrameworksBuildPhase;
			buildActionMask = 2147483647;
			files = (
			);
			runOnlyForDeploymentPostprocessing = 0;
		};
		C2B0CB652EEE817100B935DC /* Frameworks */ = {
			isa = PBXFrameworksBuildPhase;
			buildActionMask = 2147483647;
			files = (
			);
			runOnlyForDeploymentPostprocessing = 0;
		};
		C2B0CB6F2EEE817100B935DC /* Frameworks */ = {
			isa = PBXFrameworksBuildPhase;
			buildActionMask = 2147483647;
			files = (
			);
			runOnlyForDeploymentPostprocessing = 0;
		};
/* End PBXFrameworksBuildPhase section */

/* Begin PBXGroup section */
		C2B0CB4F2EEE816900B935DC = {
			isa = PBXGroup;
			children = (
				C2B0CB5A2EEE816900B935DC /* MeetAndGreet */,
				C2B0CB6B2EEE817100B935DC /* MeetAndGreetTests */,
				C2B0CB752EEE817100B935DC /* MeetAndGreetUITests */,
				C2B0CB592EEE816900B935DC /* Products */,
			);
			sourceTree = "<group>";
		};
		C2B0CB592EEE816900B935DC /* Products */ = {
			isa = PBXGroup;
			children = (
				C2B0CB582EEE816900B935DC /* MeetAndGreet.app */,
				C2B0CB682EEE817100B935DC /* MeetAndGreetTests.xctest */,
				C2B0CB722EEE817100B935DC /* MeetAndGreetUITests.xctest */,
			);
			name = Products;
			sourceTree = "<group>";
		};
		C2B0CB5A2EEE816900B935DC /* MeetAndGreet */ = {
			isa = PBXGroup;
			children = (
				C2B0CB9D2EEE996600B935DC /* Assets.xcassets */,
				C2B0CB9E2EEE996600B935DC /* Extensions */,
				C2B0CB992EEE996600B935DC /* Models */,
				C2B0CB9F2EEE996600B935DC /* Preview Content */,
				C2B0CBA12EEE996600B935DC /* Theme */,
				C2B0CB9C2EEE996600B935DC /* ViewModels */,
				C2B0CB922EEE994800B935DC /* Services */,
				C2B0CB852EEE993800B935DC /* Views */,
				C2B0CB5B2EEE816900B935DC /* MeetAndGreetApp.swift */,
				C2B0CB5D2EEE816900B935DC /* ContentView.swift */,
				C2B0CB5F2EEE817000B935DC /* Assets.xcassets */,
				C2B0CB612EEE817000B935DC /* Preview Content */,
			);
			path = MeetAndGreet;
			sourceTree = "<group>";
		};
		C2B0CB612EEE817000B935DC /* Preview Content */ = {
			isa = PBXGroup;
			children = (
				C2B0CB622EEE817000B935DC /* Preview Assets.xcassets */,
			);
			path = "Preview Content";
			sourceTree = "<group>";
		};
		C2B0CB6B2EEE817100B935DC /* MeetAndGreetTests */ = {
			isa = PBXGroup;
			children = (
				C2B0CB6C2EEE817100B935DC /* MeetAndGreetTests.swift */,
			);
			path = MeetAndGreetTests;
			sourceTree = "<group>";
		};
		C2B0CB752EEE817100B935DC /* MeetAndGreetUITests */ = {
			isa = PBXGroup;
			children = (
				C2B0CB762EEE817100B935DC /* MeetAndGreetUITests.swift */,
				C2B0CB782EEE817100B935DC /* MeetAndGreetUITestsLaunchTests.swift */,
			);
			path = MeetAndGreetUITests;
			sourceTree = "<group>";
		};
		C2B0CB852EEE993800B935DC /* Views */ = {
			isa = PBXGroup;
			children = (
				C2B0CB862EEE993800B935DC /* Schedule */,
				C2B0CB882EEE993800B935DC /* Report */,
				C2B0CB8A2EEE993800B935DC /* Practice */,
				C2B0CB8C2EEE993800B935DC /* Budget */,
			);
			path = Views;
			sourceTree = "<group>";
		};
		C2B0CB862EEE993800B935DC /* Schedule */ = {
			isa = PBXGroup;
			children = (
				C2B0CB872EEE993800B935DC /* ScheduleListView.swift */,
			);
			path = Schedule;
			sourceTree = "<group>";
		};
		C2B0CB882EEE993800B935DC /* Report */ = {
			isa = PBXGroup;
			children = (
				C2B0CB892EEE993800B935DC /* ReportListView.swift */,
			);
			path = Report;
			sourceTree = "<group>";
		};
		C2B0CB8A2EEE993800B935DC /* Practice */ = {
			isa = PBXGroup;
			children = (
				C2B0CB8B2EEE993800B935DC /* PracticeListView.swift */,
			);
			path = Practice;
			sourceTree = "<group>";
		};
		C2B0CB8C2EEE993800B935DC /* Budget */ = {
			isa = PBXGroup;
			children = (
				C2B0CB8D2EEE993800B935DC /* BudgetView.swift */,
			);
			path = Budget;
			sourceTree = "<group>";
		};
		C2B0CB922EEE994800B935DC /* Services */ = {
			isa = PBXGroup;
			children = (
				C2B0CB932EEE994800B935DC /* ImageStorageService.swift */,
				C2B0CB942EEE994800B935DC /* SttService.swift */,
				C2B0CB952EEE994800B935DC /* TtsService.swift */,
			);
			path = Services;
			sourceTree = "<group>";
		};
		C2B0CB992EEE996600B935DC /* Models */ = {
			isa = PBXGroup;
			children = (
				C2B0CB9A2EEE996600B935DC /* Entities.swift */,
				C2B0CB9B2EEE996600B935DC /* CoreDataStack.swift */,
			);
			path = Models;
			sourceTree = "<group>";
		};
		C2B0CB9C2EEE996600B935DC /* ViewModels */ = {
			isa = PBXGroup;
			children = (
			);
			path = ViewModels;
			sourceTree = "<group>";
		};
		C2B0CB9E2EEE996600B935DC /* Extensions */ = {
			isa = PBXGroup;
			children = (
			);
			path = Extensions;
			sourceTree = "<group>";
		};
		C2B0CB9F2EEE996600B935DC /* Preview Content */ = {
			isa = PBXGroup;
			children = (
				C2B0CBA02EEE996600B935DC /* Preview Assets.xcassets */,
			);
			path = "Preview Content";
			sourceTree = "<group>";
		};
		C2B0CBA12EEE996600B935DC /* Theme */ = {
			isa = PBXGroup;
			children = (
				C2B0CBA22EEE996600B935DC /* AppTheme.swift */,
			);
			path = Theme;
			sourceTree = "<group>";
		};
/* End PBXGroup section */

/* Begin PBXNativeTarget section */
		C2B0CB572EEE816900B935DC /* MeetAndGreet */ = {
			isa = PBXNativeTarget;
			buildConfigurationList = C2B0CB7C2EEE817100B935DC /* Build configuration list for PBXNativeTarget "MeetAndGreet" */;
			buildPhases = (
				C2B0CB542EEE816900B935DC /* Sources */,
				C2B0CB552EEE816900B935DC /* Frameworks */,
				C2B0CB562EEE816900B935DC /* Resources */,
			);
			buildRules = (
			);
			dependencies = (
			);
			name = MeetAndGreet;
			productName = MeetAndGreet;
			productReference = C2B0CB582EEE816900B935DC /* MeetAndGreet.app */;
			productType = "com.apple.product-type.application";
		};
		C2B0CB672EEE817100B935DC /* MeetAndGreetTests */ = {
			isa = PBXNativeTarget;
			buildConfigurationList = C2B0CB7F2EEE817100B935DC /* Build configuration list for PBXNativeTarget "MeetAndGreetTests" */;
			buildPhases = (
				C2B0CB642EEE817100B935DC /* Sources */,
				C2B0CB652EEE817100B935DC /* Frameworks */,
				C2B0CB662EEE817100B935DC /* Resources */,
			);
			buildRules = (
			);
			dependencies = (
				C2B0CB6A2EEE817100B935DC /* PBXTargetDependency */,
			);
			name = MeetAndGreetTests;
			productName = MeetAndGreetTests;
			productReference = C2B0CB682EEE817100B935DC /* MeetAndGreetTests.xctest */;
			productType = "com.apple.product-type.bundle.unit-test";
		};
		C2B0CB712EEE817100B935DC /* MeetAndGreetUITests */ = {
			isa = PBXNativeTarget;
			buildConfigurationList = C2B0CB822EEE817100B935DC /* Build configuration list for PBXNativeTarget "MeetAndGreetUITests" */;
			buildPhases = (
				C2B0CB6E2EEE817100B935DC /* Sources */,
				C2B0CB6F2EEE817100B935DC /* Frameworks */,
				C2B0CB702EEE817100B935DC /* Resources */,
			);
			buildRules = (
			);
			dependencies = (
				C2B0CB742EEE817100B935DC /* PBXTargetDependency */,
			);
			name = MeetAndGreetUITests;
			productName = MeetAndGreetUITests;
			productReference = C2B0CB722EEE817100B935DC /* MeetAndGreetUITests.xctest */;
			productType = "com.apple.product-type.bundle.ui-testing";
		};
/* End PBXNativeTarget section */

/* Begin PBXProject section */
		C2B0CB502EEE816900B935DC /* Project object */ = {
			isa = PBXProject;
			attributes = {
				BuildIndependentTargetsInParallel = 1;
				LastSwiftUpdateCheck = 1300;
				LastUpgradeCheck = 1300;
				TargetAttributes = {
					C2B0CB572EEE816900B935DC = {
						CreatedOnToolsVersion = 13.0;
					};
					C2B0CB672EEE817100B935DC = {
						CreatedOnToolsVersion = 13.0;
						TestTargetID = C2B0CB572EEE816900B935DC;
					};
					C2B0CB712EEE817100B935DC = {
						CreatedOnToolsVersion = 13.0;
						TestTargetID = C2B0CB572EEE816900B935DC;
					};
				};
			};
			buildConfigurationList = C2B0CB532EEE816900B935DC /* Build configuration list for PBXProject "MeetAndGreet" */;
			compatibilityVersion = "Xcode 13.0";
			developmentRegion = en;
			hasScannedForEncodings = 0;
			knownRegions = (
				en,
				Base,
			);
			mainGroup = C2B0CB4F2EEE816900B935DC;
			productRefGroup = C2B0CB592EEE816900B935DC /* Products */;
			projectDirPath = "";
			projectRoot = "";
			targets = (
				C2B0CB572EEE816900B935DC /* MeetAndGreet */,
				C2B0CB672EEE817100B935DC /* MeetAndGreetTests */,
				C2B0CB712EEE817100B935DC /* MeetAndGreetUITests */,
			);
		};
/* End PBXProject section */

/* Begin PBXResourcesBuildPhase section */
		C2B0CB562EEE816900B935DC /* Resources */ = {
			isa = PBXResourcesBuildPhase;
			buildActionMask = 2147483647;
			files = (
				C2B0CBA62EEE996600B935DC /* Preview Assets.xcassets in Resources */,
				C2B0CB632EEE817000B935DC /* Preview Assets.xcassets in Resources */,
				C2B0CBA52EEE996600B935DC /* Assets.xcassets in Resources */,
				C2B0CB602EEE817000B935DC /* Assets.xcassets in Resources */,
			);
			runOnlyForDeploymentPostprocessing = 0;
		};
		C2B0CB662EEE817100B935DC /* Resources */ = {
			isa = PBXResourcesBuildPhase;
			buildActionMask = 2147483647;
			files = (
			);
			runOnlyForDeploymentPostprocessing = 0;
		};
		C2B0CB702EEE817100B935DC /* Resources */ = {
			isa = PBXResourcesBuildPhase;
			buildActionMask = 2147483647;
			files = (
			);
			runOnlyForDeploymentPostprocessing = 0;
		};
/* End PBXResourcesBuildPhase section */

/* Begin PBXSourcesBuildPhase section */
		C2B0CB542EEE816900B935DC /* Sources */ = {
			isa = PBXSourcesBuildPhase;
			buildActionMask = 2147483647;
			files = (
				C2B0CBA32EEE996600B935DC /* Entities.swift in Sources */,
				C2B0CB8E2EEE993800B935DC /* ScheduleListView.swift in Sources */,
				C2B0CB912EEE993800B935DC /* BudgetView.swift in Sources */,
				C2B0CB5E2EEE816900B935DC /* ContentView.swift in Sources */,
				C2B0CB8F2EEE993800B935DC /* ReportListView.swift in Sources */,
				C2B0CB902EEE993800B935DC /* PracticeListView.swift in Sources */,
				C2B0CBA42EEE996600B935DC /* CoreDataStack.swift in Sources */,
				C2B0CB962EEE994800B935DC /* ImageStorageService.swift in Sources */,
				C2B0CB982EEE994800B935DC /* TtsService.swift in Sources */,
				C2B0CBA72EEE996600B935DC /* AppTheme.swift in Sources */,
				C2B0CB5C2EEE816900B935DC /* MeetAndGreetApp.swift in Sources */,
				C2B0CB972EEE994800B935DC /* SttService.swift in Sources */,
			);
			runOnlyForDeploymentPostprocessing = 0;
		};
		C2B0CB642EEE817100B935DC /* Sources */ = {
			isa = PBXSourcesBuildPhase;
			buildActionMask = 2147483647;
			files = (
				C2B0CB6D2EEE817100B935DC /* MeetAndGreetTests.swift in Sources */,
			);
			runOnlyForDeploymentPostprocessing = 0;
		};
		C2B0CB6E2EEE817100B935DC /* Sources */ = {
			isa = PBXSourcesBuildPhase;
			buildActionMask = 2147483647;
			files = (
				C2B0CB772EEE817100B935DC /* MeetAndGreetUITests.swift in Sources */,
				C2B0CB792EEE817100B935DC /* MeetAndGreetUITestsLaunchTests.swift in Sources */,
			);
			runOnlyForDeploymentPostprocessing = 0;
		};
/* End PBXSourcesBuildPhase section */

/* Begin PBXTargetDependency section */
		C2B0CB6A2EEE817100B935DC /* PBXTargetDependency */ = {
			isa = PBXTargetDependency;
			target = C2B0CB572EEE816900B935DC /* MeetAndGreet */;
			targetProxy = C2B0CB692EEE817100B935DC /* PBXContainerItemProxy */;
		};
		C2B0CB742EEE817100B935DC /* PBXTargetDependency */ = {
			isa = PBXTargetDependency;
			target = C2B0CB572EEE816900B935DC /* MeetAndGreet */;
			targetProxy = C2B0CB732EEE817100B935DC /* PBXContainerItemProxy */;
		};
/* End PBXTargetDependency section */

/* Begin XCBuildConfiguration section */
		C2B0CB7A2EEE817100B935DC /* Debug */ = {
			isa = XCBuildConfiguration;
			buildSettings = {
				ALWAYS_SEARCH_USER_PATHS = NO;
				CLANG_ANALYZER_NONNULL = YES;
				CLANG_ANALYZER_NUMBER_OBJECT_CONVERSION = YES_AGGRESSIVE;
				CLANG_CXX_LANGUAGE_STANDARD = "gnu++17";
				CLANG_CXX_LIBRARY = "libc++";
				CLANG_ENABLE_MODULES = YES;
				CLANG_ENABLE_OBJC_ARC = YES;
				CLANG_ENABLE_OBJC_WEAK = YES;
				CLANG_WARN_BLOCK_CAPTURE_AUTORELEASING = YES;
				CLANG_WARN_BOOL_CONVERSION = YES;
				CLANG_WARN_COMMA = YES;
				CLANG_WARN_CONSTANT_CONVERSION = YES;
				CLANG_WARN_DEPRECATED_OBJC_IMPLEMENTATIONS = YES;
				CLANG_WARN_DIRECT_OBJC_ISA_USAGE = YES_ERROR;
				CLANG_WARN_DOCUMENTATION_COMMENTS = YES;
				CLANG_WARN_EMPTY_BODY = YES;
				CLANG_WARN_ENUM_CONVERSION = YES;
				CLANG_WARN_INFINITE_RECURSION = YES;
				CLANG_WARN_INT_CONVERSION = YES;
				CLANG_WARN_NON_LITERAL_NULL_CONVERSION = YES;
				CLANG_WARN_OBJC_IMPLICIT_RETAIN_SELF = YES;
				CLANG_WARN_OBJC_LITERAL_CONVERSION = YES;
				CLANG_WARN_OBJC_ROOT_CLASS = YES_ERROR;
				CLANG_WARN_QUOTED_INCLUDE_IN_FRAMEWORK_HEADER = YES;
				CLANG_WARN_RANGE_LOOP_ANALYSIS = YES;
				CLANG_WARN_STRICT_PROTOTYPES = YES;
				CLANG_WARN_SUSPICIOUS_MOVE = YES;
				CLANG_WARN_UNGUARDED_AVAILABILITY = YES_AGGRESSIVE;
				CLANG_WARN_UNREACHABLE_CODE = YES;
				CLANG_WARN__DUPLICATE_METHOD_MATCH = YES;
				COPY_PHASE_STRIP = NO;
				DEBUG_INFORMATION_FORMAT = dwarf;
				ENABLE_STRICT_OBJC_MSGSEND = YES;
				ENABLE_TESTABILITY = YES;
				GCC_C_LANGUAGE_STANDARD = gnu11;
				GCC_DYNAMIC_NO_PIC = NO;
				GCC_NO_COMMON_BLOCKS = YES;
				GCC_OPTIMIZATION_LEVEL = 0;
				GCC_PREPROCESSOR_DEFINITIONS = (
					"DEBUG=1",
					"$(inherited)",
				);
				GCC_WARN_64_TO_32_BIT_CONVERSION = YES;
				GCC_WARN_ABOUT_RETURN_TYPE = YES_ERROR;
				GCC_WARN_UNDECLARED_SELECTOR = YES;
				GCC_WARN_UNINITIALIZED_AUTOS = YES_AGGRESSIVE;
				GCC_WARN_UNUSED_FUNCTION = YES;
				GCC_WARN_UNUSED_VARIABLE = YES;
				IPHONEOS_DEPLOYMENT_TARGET = 15.0;
				MTL_ENABLE_DEBUG_INFO = INCLUDE_SOURCE;
				MTL_FAST_MATH = YES;
				ONLY_ACTIVE_ARCH = YES;
				SDKROOT = iphoneos;
				SWIFT_ACTIVE_COMPILATION_CONDITIONS = DEBUG;
				SWIFT_OPTIMIZATION_LEVEL = "-Onone";
			};
			name = Debug;
		};
		C2B0CB7B2EEE817100B935DC /* Release */ = {
			isa = XCBuildConfiguration;
			buildSettings = {
				ALWAYS_SEARCH_USER_PATHS = NO;
				CLANG_ANALYZER_NONNULL = YES;
				CLANG_ANALYZER_NUMBER_OBJECT_CONVERSION = YES_AGGRESSIVE;
				CLANG_CXX_LANGUAGE_STANDARD = "gnu++17";
				CLANG_CXX_LIBRARY = "libc++";
				CLANG_ENABLE_MODULES = YES;
				CLANG_ENABLE_OBJC_ARC = YES;
				CLANG_ENABLE_OBJC_WEAK = YES;
				CLANG_WARN_BLOCK_CAPTURE_AUTORELEASING = YES;
				CLANG_WARN_BOOL_CONVERSION = YES;
				CLANG_WARN_COMMA = YES;
				CLANG_WARN_CONSTANT_CONVERSION = YES;
				CLANG_WARN_DEPRECATED_OBJC_IMPLEMENTATIONS = YES;
				CLANG_WARN_DIRECT_OBJC_ISA_USAGE = YES_ERROR;
				CLANG_WARN_DOCUMENTATION_COMMENTS = YES;
				CLANG_WARN_EMPTY_BODY = YES;
				CLANG_WARN_ENUM_CONVERSION = YES;
				CLANG_WARN_INFINITE_RECURSION = YES;
				CLANG_WARN_INT_CONVERSION = YES;
				CLANG_WARN_NON_LITERAL_NULL_CONVERSION = YES;
				CLANG_WARN_OBJC_IMPLICIT_RETAIN_SELF = YES;
				CLANG_WARN_OBJC_LITERAL_CONVERSION = YES;
				CLANG_WARN_OBJC_ROOT_CLASS = YES_ERROR;
				CLANG_WARN_QUOTED_INCLUDE_IN_FRAMEWORK_HEADER = YES;
				CLANG_WARN_RANGE_LOOP_ANALYSIS = YES;
				CLANG_WARN_STRICT_PROTOTYPES = YES;
				CLANG_WARN_SUSPICIOUS_MOVE = YES;
				CLANG_WARN_UNGUARDED_AVAILABILITY = YES_AGGRESSIVE;
				CLANG_WARN_UNREACHABLE_CODE = YES;
				CLANG_WARN__DUPLICATE_METHOD_MATCH = YES;
				COPY_PHASE_STRIP = NO;
				DEBUG_INFORMATION_FORMAT = "dwarf-with-dsym";
				ENABLE_NS_ASSERTIONS = NO;
				ENABLE_STRICT_OBJC_MSGSEND = YES;
				GCC_C_LANGUAGE_STANDARD = gnu11;
				GCC_NO_COMMON_BLOCKS = YES;
				GCC_WARN_64_TO_32_BIT_CONVERSION = YES;
				GCC_WARN_ABOUT_RETURN_TYPE = YES_ERROR;
				GCC_WARN_UNDECLARED_SELECTOR = YES;
				GCC_WARN_UNINITIALIZED_AUTOS = YES_AGGRESSIVE;
				GCC_WARN_UNUSED_FUNCTION = YES;
				GCC_WARN_UNUSED_VARIABLE = YES;
				IPHONEOS_DEPLOYMENT_TARGET = 15.0;
				MTL_ENABLE_DEBUG_INFO = NO;
				MTL_FAST_MATH = YES;
				SDKROOT = iphoneos;
				SWIFT_COMPILATION_MODE = wholemodule;
				SWIFT_OPTIMIZATION_LEVEL = "-O";
				VALIDATE_PRODUCT = YES;
			};
			name = Release;
		};
		C2B0CB7D2EEE817100B935DC /* Debug */ = {
			isa = XCBuildConfiguration;
			buildSettings = {
				ASSETCATALOG_COMPILER_APPICON_NAME = AppIcon;
				ASSETCATALOG_COMPILER_GLOBAL_ACCENT_COLOR_NAME = AccentColor;
				CODE_SIGN_STYLE = Automatic;
				CURRENT_PROJECT_VERSION = 1;
				DEVELOPMENT_ASSET_PATHS = "\"MeetAndGreet/Preview Content\"";
				DEVELOPMENT_TEAM = 592FUBBP2G;
				ENABLE_PREVIEWS = YES;
				GENERATE_INFOPLIST_FILE = YES;
				INFOPLIST_KEY_UIApplicationSceneManifest_Generation = YES;
				INFOPLIST_KEY_UIApplicationSupportsIndirectInputEvents = YES;
				INFOPLIST_KEY_UILaunchScreen_Generation = YES;
				INFOPLIST_KEY_UISupportedInterfaceOrientations_iPad = "UIInterfaceOrientationPortrait UIInterfaceOrientationPortraitUpsideDown UIInterfaceOrientationLandscapeLeft UIInterfaceOrientationLandscapeRight";
				INFOPLIST_KEY_UISupportedInterfaceOrientations_iPhone = "UIInterfaceOrientationPortrait UIInterfaceOrientationLandscapeLeft UIInterfaceOrientationLandscapeRight";
				IPHONEOS_DEPLOYMENT_TARGET = 14.0;
				LD_RUNPATH_SEARCH_PATHS = (
					"$(inherited)",
					"@executable_path/Frameworks",
				);
				MARKETING_VERSION = 1.0;
				PRODUCT_BUNDLE_IDENTIFIER = com.nakamo119.jp.MeetAndGreet;
				PRODUCT_NAME = "$(TARGET_NAME)";
				SWIFT_EMIT_LOC_STRINGS = YES;
				SWIFT_VERSION = 5.0;
				TARGETED_DEVICE_FAMILY = "1,2";
			};
			name = Debug;
		};
		C2B0CB7E2EEE817100B935DC /* Release */ = {
			isa = XCBuildConfiguration;
			buildSettings = {
				ASSETCATALOG_COMPILER_APPICON_NAME = AppIcon;
				ASSETCATALOG_COMPILER_GLOBAL_ACCENT_COLOR_NAME = AccentColor;
				CODE_SIGN_STYLE = Automatic;
				CURRENT_PROJECT_VERSION = 1;
				DEVELOPMENT_ASSET_PATHS = "\"MeetAndGreet/Preview Content\"";
				DEVELOPMENT_TEAM = 592FUBBP2G;
				ENABLE_PREVIEWS = YES;
				GENERATE_INFOPLIST_FILE = YES;
				INFOPLIST_KEY_UIApplicationSceneManifest_Generation = YES;
				INFOPLIST_KEY_UIApplicationSupportsIndirectInputEvents = YES;
				INFOPLIST_KEY_UILaunchScreen_Generation = YES;
				INFOPLIST_KEY_UISupportedInterfaceOrientations_iPad = "UIInterfaceOrientationPortrait UIInterfaceOrientationPortraitUpsideDown UIInterfaceOrientationLandscapeLeft UIInterfaceOrientationLandscapeRight";
				INFOPLIST_KEY_UISupportedInterfaceOrientations_iPhone = "UIInterfaceOrientationPortrait UIInterfaceOrientationLandscapeLeft UIInterfaceOrientationLandscapeRight";
				IPHONEOS_DEPLOYMENT_TARGET = 14.0;
				LD_RUNPATH_SEARCH_PATHS = (
					"$(inherited)",
					"@executable_path/Frameworks",
				);
				MARKETING_VERSION = 1.0;
				PRODUCT_BUNDLE_IDENTIFIER = com.nakamo119.jp.MeetAndGreet;
				PRODUCT_NAME = "$(TARGET_NAME)";
				SWIFT_EMIT_LOC_STRINGS = YES;
				SWIFT_VERSION = 5.0;
				TARGETED_DEVICE_FAMILY = "1,2";
			};
			name = Release;
		};
		C2B0CB802EEE817100B935DC /* Debug */ = {
			isa = XCBuildConfiguration;
			buildSettings = {
				ALWAYS_EMBED_SWIFT_STANDARD_LIBRARIES = YES;
				BUNDLE_LOADER = "$(TEST_HOST)";
				CODE_SIGN_STYLE = Automatic;
				CURRENT_PROJECT_VERSION = 1;
				DEVELOPMENT_TEAM = 592FUBBP2G;
				GENERATE_INFOPLIST_FILE = YES;
				IPHONEOS_DEPLOYMENT_TARGET = 14.0;
				LD_RUNPATH_SEARCH_PATHS = (
					"$(inherited)",
					"@executable_path/Frameworks",
					"@loader_path/Frameworks",
				);
				MARKETING_VERSION = 1.0;
				PRODUCT_BUNDLE_IDENTIFIER = com.nakamo119.jp.MeetAndGreetTests;
				PRODUCT_NAME = "$(TARGET_NAME)";
				SWIFT_EMIT_LOC_STRINGS = NO;
				SWIFT_VERSION = 5.0;
				TARGETED_DEVICE_FAMILY = "1,2";
				TEST_HOST = "$(BUILT_PRODUCTS_DIR)/MeetAndGreet.app/MeetAndGreet";
			};
			name = Debug;
		};
		C2B0CB812EEE817100B935DC /* Release */ = {
			isa = XCBuildConfiguration;
			buildSettings = {
				ALWAYS_EMBED_SWIFT_STANDARD_LIBRARIES = YES;
				BUNDLE_LOADER = "$(TEST_HOST)";
				CODE_SIGN_STYLE = Automatic;
				CURRENT_PROJECT_VERSION = 1;
				DEVELOPMENT_TEAM = 592FUBBP2G;
				GENERATE_INFOPLIST_FILE = YES;
				IPHONEOS_DEPLOYMENT_TARGET = 14.0;
				LD_RUNPATH_SEARCH_PATHS = (
					"$(inherited)",
					"@executable_path/Frameworks",
					"@loader_path/Frameworks",
				);
				MARKETING_VERSION = 1.0;
				PRODUCT_BUNDLE_IDENTIFIER = com.nakamo119.jp.MeetAndGreetTests;
				PRODUCT_NAME = "$(TARGET_NAME)";
				SWIFT_EMIT_LOC_STRINGS = NO;
				SWIFT_VERSION = 5.0;
				TARGETED_DEVICE_FAMILY = "1,2";
				TEST_HOST = "$(BUILT_PRODUCTS_DIR)/MeetAndGreet.app/MeetAndGreet";
			};
			name = Release;
		};
		C2B0CB832EEE817100B935DC /* Debug */ = {
			isa = XCBuildConfiguration;
			buildSettings = {
				ALWAYS_EMBED_SWIFT_STANDARD_LIBRARIES = YES;
				CODE_SIGN_STYLE = Automatic;
				CURRENT_PROJECT_VERSION = 1;
				DEVELOPMENT_TEAM = 592FUBBP2G;
				GENERATE_INFOPLIST_FILE = YES;
				LD_RUNPATH_SEARCH_PATHS = (
					"$(inherited)",
					"@executable_path/Frameworks",
					"@loader_path/Frameworks",
				);
				MARKETING_VERSION = 1.0;
				PRODUCT_BUNDLE_IDENTIFIER = com.nakamo119.jp.MeetAndGreetUITests;
				PRODUCT_NAME = "$(TARGET_NAME)";
				SWIFT_EMIT_LOC_STRINGS = NO;
				SWIFT_VERSION = 5.0;
				TARGETED_DEVICE_FAMILY = "1,2";
				TEST_TARGET_NAME = MeetAndGreet;
			};
			name = Debug;
		};
		C2B0CB842EEE817100B935DC /* Release */ = {
			isa = XCBuildConfiguration;
			buildSettings = {
				ALWAYS_EMBED_SWIFT_STANDARD_LIBRARIES = YES;
				CODE_SIGN_STYLE = Automatic;
				CURRENT_PROJECT_VERSION = 1;
				DEVELOPMENT_TEAM = 592FUBBP2G;
				GENERATE_INFOPLIST_FILE = YES;
				LD_RUNPATH_SEARCH_PATHS = (
					"$(inherited)",
					"@executable_path/Frameworks",
					"@loader_path/Frameworks",
				);
				MARKETING_VERSION = 1.0;
				PRODUCT_BUNDLE_IDENTIFIER = com.nakamo119.jp.MeetAndGreetUITests;
				PRODUCT_NAME = "$(TARGET_NAME)";
				SWIFT_EMIT_LOC_STRINGS = NO;
				SWIFT_VERSION = 5.0;
				TARGETED_DEVICE_FAMILY = "1,2";
				TEST_TARGET_NAME = MeetAndGreet;
			};
			name = Release;
		};
/* End XCBuildConfiguration section */

/* Begin XCConfigurationList section */
		C2B0CB532EEE816900B935DC /* Build configuration list for PBXProject "MeetAndGreet" */ = {
			isa = XCConfigurationList;
			buildConfigurations = (
				C2B0CB7A2EEE817100B935DC /* Debug */,
				C2B0CB7B2EEE817100B935DC /* Release */,
			);
			defaultConfigurationIsVisible = 0;
			defaultConfigurationName = Release;
		};
		C2B0CB7C2EEE817100B935DC /* Build configuration list for PBXNativeTarget "MeetAndGreet" */ = {
			isa = XCConfigurationList;
			buildConfigurations = (
				C2B0CB7D2EEE817100B935DC /* Debug */,
				C2B0CB7E2EEE817100B935DC /* Release */,
			);
			defaultConfigurationIsVisible = 0;
			defaultConfigurationName = Release;
		};
		C2B0CB7F2EEE817100B935DC /* Build configuration list for PBXNativeTarget "MeetAndGreetTests" */ = {
			isa = XCConfigurationList;
			buildConfigurations = (
				C2B0CB802EEE817100B935DC /* Debug */,
				C2B0CB812EEE817100B935DC /* Release */,
			);
			defaultConfigurationIsVisible = 0;
			defaultConfigurationName = Release;
		};
		C2B0CB822EEE817100B935DC /* Build configuration list for PBXNativeTarget "MeetAndGreetUITests" */ = {
			isa = XCConfigurationList;
			buildConfigurations = (
				C2B0CB832EEE817100B935DC /* Debug */,
				C2B0CB842EEE817100B935DC /* Release */,
			);
			defaultConfigurationIsVisible = 0;
			defaultConfigurationName = Release;
		};
/* End XCConfigurationList section */
	};
	rootObject = C2B0CB502EEE816900B935DC /* Project object */;
}
